
Microsoft Visual Studio Solution File, Format Version 12.00
# Visual Studio 15
VisualStudioVersion = 15.0.28307.136
MinimumVisualStudioVersion = 10.0.40219.1
Project("{FAE04EC0-301F-11D3-BF4B-00C04F79EFBC}") = "Project3", "Project3\Project3.csproj", "{95AB31E1-9E11-4028-976A-93FBCEE5724B}"
EndProject
Global
	GlobalSection(SolutionConfigurationPlatforms) = preSolution
		Debug|Any CPU = Debug|Any CPU
		Release|Any CPU = Release|Any CPU
	EndGlobalSection
	GlobalSection(ProjectConfigurationPlatforms) = postSolution
		{95AB31E1-9E11-4028-976A-93FBCEE5724B}.Debug|Any CPU.ActiveCfg = Debug|Any CPU
		{95AB31E1-9E11-4028-976A-93FBCEE5724B}.Debug|Any CPU.Build.0 = Debug|Any CPU
		{95AB31E1-9E11-4028-976A-93FBCEE5724B}.Release|Any CPU.ActiveCfg = Release|Any CPU
		{95AB31E1-9E11-4028-976A-93FBCEE5724B}.Release|Any CPU.Build.0 = Release|Any CPU
	EndGlobalSection
	GlobalSection(SolutionProperties) = preSolution
		HideSolutionNode = FALSE
	EndGlobalSection
	GlobalSection(ExtensibilityGlobals) = postSolution
		SolutionGuid = {920A08F2-65AA-4C44-B4D7-C1D29CC33A3D}
	EndGlobalSection
EndGlobal
